
Microsoft Visual Studio Solution File, Format Version 12.00
# Visual Studio 15
VisualStudioVersion = 15.0.27703.2018
MinimumVisualStudioVersion = 10.0.40219.1
Project("{FAE04EC0-301F-11D3-BF4B-00C04F79EFBC}") = "LabAssignment1", "LabAssignment1\LabAssignment1.csproj", "{5283D0CB-D8D4-442E-A514-5FC04FC80916}"
EndProject
Global
	GlobalSection(SolutionConfigurationPlatforms) = preSolution
		Debug|Any CPU = Debug|Any CPU
		Release|Any CPU = Release|Any CPU
	EndGlobalSection
	GlobalSection(ProjectConfigurationPlatforms) = postSolution
		{5283D0CB-D8D4-442E-A514-5FC04FC80916}.Debug|Any CPU.ActiveCfg = Debug|Any CPU
		{5283D0CB-D8D4-442E-A514-5FC04FC80916}.Debug|Any CPU.Build.0 = Debug|Any CPU
		{5283D0CB-D8D4-442E-A514-5FC04FC80916}.Release|Any CPU.ActiveCfg = Release|Any CPU
		{5283D0CB-D8D4-442E-A514-5FC04FC80916}.Release|Any CPU.Build.0 = Release|Any CPU
	EndGlobalSection
	GlobalSection(SolutionProperties) = preSolution
		HideSolutionNode = FALSE
	EndGlobalSection
	GlobalSection(ExtensibilityGlobals) = postSolution
		SolutionGuid = {8287DD1B-DCEA-4ED4-B201-5E2F92D3A3B5}
	EndGlobalSection
EndGlobal
