
Microsoft Visual Studio Solution File, Format Version 12.00
# Visual Studio 14
VisualStudioVersion = 14.0.25420.1
MinimumVisualStudioVersion = 10.0.40219.1
Project("{FAE04EC0-301F-11D3-BF4B-00C04F79EFBC}") = "SchoolDBAssignment6", "SchoolDBAssignment6\SchoolDBAssignment6.csproj", "{68057155-E8BF-4583-AE8E-4473466DAB99}"
EndProject
Project("{FAE04EC0-301F-11D3-BF4B-00C04F79EFBC}") = "BusinessLayer", "BusinessLayer\BusinessLayer.csproj", "{AB36B29F-5495-4A71-BFB3-6D84EC552837}"
EndProject
Project("{FAE04EC0-301F-11D3-BF4B-00C04F79EFBC}") = "Client", "DataAccessLayer\Client.csproj", "{2F5CC99B-FBAD-407D-A376-7A7E31D2A230}"
EndProject
Global
	GlobalSection(SolutionConfigurationPlatforms) = preSolution
		Debug|Any CPU = Debug|Any CPU
		Release|Any CPU = Release|Any CPU
	EndGlobalSection
	GlobalSection(ProjectConfigurationPlatforms) = postSolution
		{68057155-E8BF-4583-AE8E-4473466DAB99}.Debug|Any CPU.ActiveCfg = Debug|Any CPU
		{68057155-E8BF-4583-AE8E-4473466DAB99}.Debug|Any CPU.Build.0 = Debug|Any CPU
		{68057155-E8BF-4583-AE8E-4473466DAB99}.Release|Any CPU.ActiveCfg = Release|Any CPU
		{68057155-E8BF-4583-AE8E-4473466DAB99}.Release|Any CPU.Build.0 = Release|Any CPU
		{AB36B29F-5495-4A71-BFB3-6D84EC552837}.Debug|Any CPU.ActiveCfg = Debug|Any CPU
		{AB36B29F-5495-4A71-BFB3-6D84EC552837}.Debug|Any CPU.Build.0 = Debug|Any CPU
		{AB36B29F-5495-4A71-BFB3-6D84EC552837}.Release|Any CPU.ActiveCfg = Release|Any CPU
		{AB36B29F-5495-4A71-BFB3-6D84EC552837}.Release|Any CPU.Build.0 = Release|Any CPU
		{2F5CC99B-FBAD-407D-A376-7A7E31D2A230}.Debug|Any CPU.ActiveCfg = Debug|Any CPU
		{2F5CC99B-FBAD-407D-A376-7A7E31D2A230}.Debug|Any CPU.Build.0 = Debug|Any CPU
		{2F5CC99B-FBAD-407D-A376-7A7E31D2A230}.Release|Any CPU.ActiveCfg = Release|Any CPU
		{2F5CC99B-FBAD-407D-A376-7A7E31D2A230}.Release|Any CPU.Build.0 = Release|Any CPU
	EndGlobalSection
	GlobalSection(SolutionProperties) = preSolution
		HideSolutionNode = FALSE
	EndGlobalSection
EndGlobal
